
Microsoft Visual Studio Solution File, Format Version 12.00
# Visual Studio Version 17
VisualStudioVersion = 17.3.32929.385
MinimumVisualStudioVersion = 10.0.40219.1
Project("{FAE04EC0-301F-11D3-BF4B-00C04F79EFBC}") = "Azimuth", "Azimuth\Azimuth.csproj", "{BAA33909-5488-4D09-90B1-3B9D4883F16C}"
EndProject
Global
	GlobalSection(SolutionConfigurationPlatforms) = preSolution
		Debug|Any CPU = Debug|Any CPU
		Release|Any CPU = Release|Any CPU
	EndGlobalSection
	GlobalSection(ProjectConfigurationPlatforms) = postSolution
		{BAA33909-5488-4D09-90B1-3B9D4883F16C}.Debug|Any CPU.ActiveCfg = Debug|Any CPU
		{BAA33909-5488-4D09-90B1-3B9D4883F16C}.Debug|Any CPU.Build.0 = Debug|Any CPU
		{BAA33909-5488-4D09-90B1-3B9D4883F16C}.Release|Any CPU.ActiveCfg = Release|Any CPU
		{BAA33909-5488-4D09-90B1-3B9D4883F16C}.Release|Any CPU.Build.0 = Release|Any CPU
	EndGlobalSection
	GlobalSection(SolutionProperties) = preSolution
		HideSolutionNode = FALSE
	EndGlobalSection
	GlobalSection(ExtensibilityGlobals) = postSolution
		SolutionGuid = {607C25E2-CA9F-4C71-B6DA-595683586929}
	EndGlobalSection
EndGlobal
